{
  "name": "spike-b",
  "version": "0.0.0",
  "lockfileVersion": 3,
  "requires": true,
  "packages": {
    "": {
      "name": "spike-b",
      "version": "0.0.0",
      "dependencies": {
        "v86": "^0.5.445"
      }
    },
    "node_modules/v86": {
      "version": "0.5.445",
      "resolved": "https://registry.npmjs.org/v86/-/v86-0.5.445.tgz",
      "integrity": "sha512-8lTiD4+9BM2O6O6eKRIG3wbSZxN51ZQb7k9IIlcxexputpE4A71piv5lqovG5KV1y+xEQrl/+bHO6MOfM1Jmmg==",
      "license": "BSD-2-Clause"
    }
  }
}
